// !$*UTF8*$!
{
	archiveVersion = 1;
	classes = {
	};
	objectVersion = 77;
	objects = {

/* Begin PBXBuildFile section */
		1D01A0012C00000100000001 /* AttieApp.swift in Sources */ = {isa = PBXBuildFile; fileRef = 1D01B0012C00000100000001 /* AttieApp.swift */; };
		1D01A0032C00000100000001 /* FixtureRow.swift in Sources */ = {isa = PBXBuildFile; fileRef = 1D01B0032C00000100000001 /* FixtureRow.swift */; };
		1D01A0042C00000100000001 /* FixturesView.swift in Sources */ = {isa = PBXBuildFile; fileRef = 1D01B0042C00000100000001 /* FixturesView.swift */; };
		1D01A0052C00000100000001 /* FixturesViewModel.swift in Sources */ = {isa = PBXBuildFile; fileRef = 1D01B0052C00000100000001 /* FixturesViewModel.swift */; };
		1D01A0062C00000100000001 /* ScoreBubble.swift in Sources */ = {isa = PBXBuildFile; fileRef = 1D01B0062C00000100000001 /* ScoreBubble.swift */; };
		1D01A0072C00000100000001 /* AttieCore in Frameworks */ = {isa = PBXBuildFile; productRef = 1D01E0012C00000100000001 /* AttieCore */; };
		1D02A0012C00000100000001 /* FixtureSyncService.swift in Sources */ = {isa = PBXBuildFile; fileRef = 1D02B0012C00000100000001 /* FixtureSyncService.swift */; };
		1D02A0022C00000100000001 /* AttieWatchApp.swift in Sources */ = {isa = PBXBuildFile; fileRef = 1D02B0042C00000100000001 /* AttieWatchApp.swift */; };
		1D02A0032C00000100000001 /* FixtureSyncService.swift in Sources */ = {isa = PBXBuildFile; fileRef = 1D02B0012C00000100000001 /* FixtureSyncService.swift */; };
		1D02A0042C00000100000001 /* FixturesViewModel.swift in Sources */ = {isa = PBXBuildFile; fileRef = 1D01B0052C00000100000001 /* FixturesViewModel.swift */; };
		1D02A0052C00000100000001 /* WatchFixturesView.swift in Sources */ = {isa = PBXBuildFile; fileRef = 1D02B0022C00000100000001 /* WatchFixturesView.swift */; };
		1D02A0062C00000100000001 /* WatchFixtureRow.swift in Sources */ = {isa = PBXBuildFile; fileRef = 1D02B0032C00000100000001 /* WatchFixtureRow.swift */; };
		1D02A0072C00000100000001 /* AttieCore in Frameworks */ = {isa = PBXBuildFile; productRef = 1D01E0012C00000100000001 /* AttieCore */; };
		1D02A0082C00000100000001 /* AttieWatch.app in Embed Watch Content */ = {isa = PBXBuildFile; fileRef = 1D02B0052C00000100000001 /* AttieWatch.app */; };
		1D03A0012C00000100000001 /* Assets.xcassets in Resources */ = {isa = PBXBuildFile; fileRef = 1D03B0012C00000100000001 /* Assets.xcassets */; };
		1D03A0022C00000100000001 /* Assets.xcassets in Resources */ = {isa = PBXBuildFile; fileRef = 1D03B0022C00000100000001 /* Assets.xcassets */; };
/* End PBXBuildFile section */

/* Begin PBXFileReference section */
		1D01B0012C00000100000001 /* AttieApp.swift */ = {isa = PBXFileReference; lastKnownFileType = sourcecode.swift; path = AttieApp.swift; sourceTree = "<group>"; };
		1D01B0032C00000100000001 /* FixtureRow.swift */ = {isa = PBXFileReference; lastKnownFileType = sourcecode.swift; path = FixtureRow.swift; sourceTree = "<group>"; };
		1D01B0042C00000100000001 /* FixturesView.swift */ = {isa = PBXFileReference; lastKnownFileType = sourcecode.swift; path = FixturesView.swift; sourceTree = "<group>"; };
		1D01B0052C00000100000001 /* FixturesViewModel.swift */ = {isa = PBXFileReference; lastKnownFileType = sourcecode.swift; path = FixturesViewModel.swift; sourceTree = "<group>"; };
		1D01B0062C00000100000001 /* ScoreBubble.swift */ = {isa = PBXFileReference; lastKnownFileType = sourcecode.swift; path = ScoreBubble.swift; sourceTree = "<group>"; };
		1D01B0072C00000100000001 /* Attie.app */ = {isa = PBXFileReference; explicitFileType = wrapper.application; includeInIndex = 0; path = Attie.app; sourceTree = BUILT_PRODUCTS_DIR; };
		1D02B0012C00000100000001 /* FixtureSyncService.swift */ = {isa = PBXFileReference; lastKnownFileType = sourcecode.swift; path = FixtureSyncService.swift; sourceTree = "<group>"; };
		1D02B0022C00000100000001 /* WatchFixturesView.swift */ = {isa = PBXFileReference; lastKnownFileType = sourcecode.swift; path = WatchFixturesView.swift; sourceTree = "<group>"; };
		1D02B0032C00000100000001 /* WatchFixtureRow.swift */ = {isa = PBXFileReference; lastKnownFileType = sourcecode.swift; path = WatchFixtureRow.swift; sourceTree = "<group>"; };
		1D02B0042C00000100000001 /* AttieWatchApp.swift */ = {isa = PBXFileReference; lastKnownFileType = sourcecode.swift; path = AttieWatchApp.swift; sourceTree = "<group>"; };
		1D02B0052C00000100000001 /* AttieWatch.app */ = {isa = PBXFileReference; explicitFileType = wrapper.application; includeInIndex = 0; path = AttieWatch.app; sourceTree = BUILT_PRODUCTS_DIR; };
		1D03B0012C00000100000001 /* Assets.xcassets */ = {isa = PBXFileReference; lastKnownFileType = folder.assetcatalog; path = Assets.xcassets; sourceTree = "<group>"; };
		1D03B0022C00000100000001 /* Assets.xcassets */ = {isa = PBXFileReference; lastKnownFileType = folder.assetcatalog; path = Assets.xcassets; sourceTree = "<group>"; };
/* End PBXFileReference section */

/* Begin PBXFrameworksBuildPhase section */
		1D01C0012C00000100000001 /* Frameworks */ = {
			isa = PBXFrameworksBuildPhase;
			buildActionMask = 2147483647;
			files = (
				1D01A0072C00000100000001 /* AttieCore in Frameworks */,
			);
			runOnlyForDeploymentPostprocessing = 0;
		};
		1D02C0012C00000100000001 /* Frameworks */ = {
			isa = PBXFrameworksBuildPhase;
			buildActionMask = 2147483647;
			files = (
				1D02A0072C00000100000001 /* AttieCore in Frameworks */,
			);
			runOnlyForDeploymentPostprocessing = 0;
		};
/* End PBXFrameworksBuildPhase section */

/* Begin PBXGroup section */
		1D01D0012C00000100000001 = {
			isa = PBXGroup;
			children = (
				1D01D0022C00000100000001 /* Apps/Attie */,
				1D02D0012C00000100000001 /* Apps/AttieWatch */,
				1D01D0032C00000100000001 /* Products */,
			);
			sourceTree = "<group>";
		};
		1D01D0022C00000100000001 /* Apps/Attie */ = {
			isa = PBXGroup;
			children = (
				1D03B0012C00000100000001 /* Assets.xcassets */,
				1D01D0042C00000100000001 /* Shared */,
			);
			path = Apps/Attie;
			sourceTree = "<group>";
		};
		1D01D0032C00000100000001 /* Products */ = {
			isa = PBXGroup;
			children = (
				1D01B0072C00000100000001 /* Attie.app */,
				1D02B0052C00000100000001 /* AttieWatch.app */,
			);
			name = Products;
			sourceTree = "<group>";
		};
		1D01D0042C00000100000001 /* Shared */ = {
			isa = PBXGroup;
			children = (
				1D01B0012C00000100000001 /* AttieApp.swift */,
				1D02B0012C00000100000001 /* FixtureSyncService.swift */,
				1D01B0032C00000100000001 /* FixtureRow.swift */,
				1D01B0042C00000100000001 /* FixturesView.swift */,
				1D01B0052C00000100000001 /* FixturesViewModel.swift */,
				1D01B0062C00000100000001 /* ScoreBubble.swift */,
				1D02B0032C00000100000001 /* WatchFixtureRow.swift */,
				1D02B0022C00000100000001 /* WatchFixturesView.swift */,
			);
			path = Shared;
			sourceTree = "<group>";
		};
		1D02D0012C00000100000001 /* Apps/AttieWatch */ = {
			isa = PBXGroup;
			children = (
				1D03B0022C00000100000001 /* Assets.xcassets */,
				1D02B0042C00000100000001 /* AttieWatchApp.swift */,
			);
			path = Apps/AttieWatch;
			sourceTree = "<group>";
		};
/* End PBXGroup section */

/* Begin PBXContainerItemProxy section */
		1D02F0122C00000100000001 /* PBXContainerItemProxy */ = {
			isa = PBXContainerItemProxy;
			containerPortal = 1D01F0052C00000100000001 /* Project object */;
			proxyType = 1;
			remoteGlobalIDString = 1D02F0012C00000100000001;
			remoteInfo = AttieWatch;
		};
/* End PBXContainerItemProxy section */

/* Begin PBXNativeTarget section */
		1D01F0012C00000100000001 /* Attie */ = {
			isa = PBXNativeTarget;
			buildConfigurationList = 1D01F0022C00000100000001 /* Build configuration list for PBXNativeTarget "Attie" */;
			buildPhases = (
				1D01F0032C00000100000001 /* Sources */,
				1D01C0012C00000100000001 /* Frameworks */,
				1D02C0022C00000100000001 /* Embed Watch Content */,
				1D01F0042C00000100000001 /* Resources */,
			);
			buildRules = (
			);
			dependencies = (
				1D02F0112C00000100000001 /* PBXTargetDependency */,
			);
			name = Attie;
			packageProductDependencies = (
				1D01E0012C00000100000001 /* AttieCore */,
			);
			productName = Attie;
			productReference = 1D01B0072C00000100000001 /* Attie.app */;
			productType = "com.apple.product-type.application";
		};
		1D02F0012C00000100000001 /* AttieWatch */ = {
			isa = PBXNativeTarget;
			buildConfigurationList = 1D02F0022C00000100000001 /* Build configuration list for PBXNativeTarget "AttieWatch" */;
			buildPhases = (
				1D02F0032C00000100000001 /* Sources */,
				1D02C0012C00000100000001 /* Frameworks */,
				1D02F0042C00000100000001 /* Resources */,
			);
			buildRules = (
			);
			dependencies = (
			);
			name = AttieWatch;
			packageProductDependencies = (
				1D01E0012C00000100000001 /* AttieCore */,
			);
			productName = AttieWatch;
			productReference = 1D02B0052C00000100000001 /* AttieWatch.app */;
			productType = "com.apple.product-type.application";
		};
/* End PBXNativeTarget section */

/* Begin PBXProject section */
		1D01F0052C00000100000001 /* Project object */ = {
			isa = PBXProject;
			attributes = {
				BuildIndependentTargetsInParallel = 1;
				LastSwiftUpdateCheck = 2640;
				LastUpgradeCheck = 2640;
				TargetAttributes = {
					1D01F0012C00000100000001 = {
						CreatedOnToolsVersion = 26.4.1;
					};
					1D02F0012C00000100000001 = {
						CreatedOnToolsVersion = 26.4.1;
					};
				};
			};
			buildConfigurationList = 1D01F0062C00000100000001 /* Build configuration list for PBXProject "Attie" */;
			developmentRegion = en;
			hasScannedForEncodings = 0;
			knownRegions = (
				en,
				Base,
			);
			mainGroup = 1D01D0012C00000100000001;
			minimizedProjectReferenceProxies = 1;
			packageReferences = (
				1D01E0022C00000100000001 /* XCLocalSwiftPackageReference "Packages/AttieCore" */,
			);
			preferredProjectObjectVersion = 77;
			productRefGroup = 1D01D0032C00000100000001 /* Products */;
			projectDirPath = "";
			projectRoot = "";
			targets = (
				1D01F0012C00000100000001 /* Attie */,
				1D02F0012C00000100000001 /* AttieWatch */,
			);
		};
/* End PBXProject section */

/* Begin PBXCopyFilesBuildPhase section */
		1D02C0022C00000100000001 /* Embed Watch Content */ = {
			isa = PBXCopyFilesBuildPhase;
			buildActionMask = 2147483647;
			dstPath = "$(CONTENTS_FOLDER_PATH)/Watch";
			dstSubfolderSpec = 16;
			files = (
				1D02A0082C00000100000001 /* AttieWatch.app in Embed Watch Content */,
			);
			name = "Embed Watch Content";
			runOnlyForDeploymentPostprocessing = 0;
		};
/* End PBXCopyFilesBuildPhase section */

/* Begin PBXResourcesBuildPhase section */
		1D01F0042C00000100000001 /* Resources */ = {
			isa = PBXResourcesBuildPhase;
			buildActionMask = 2147483647;
			files = (
				1D03A0012C00000100000001 /* Assets.xcassets in Resources */,
			);
			runOnlyForDeploymentPostprocessing = 0;
		};
		1D02F0042C00000100000001 /* Resources */ = {
			isa = PBXResourcesBuildPhase;
			buildActionMask = 2147483647;
			files = (
				1D03A0022C00000100000001 /* Assets.xcassets in Resources */,
			);
			runOnlyForDeploymentPostprocessing = 0;
		};
/* End PBXResourcesBuildPhase section */

/* Begin PBXSourcesBuildPhase section */
		1D01F0032C00000100000001 /* Sources */ = {
			isa = PBXSourcesBuildPhase;
			buildActionMask = 2147483647;
				files = (
					1D01A0012C00000100000001 /* AttieApp.swift in Sources */,
					1D01A0032C00000100000001 /* FixtureRow.swift in Sources */,
				1D01A0042C00000100000001 /* FixturesView.swift in Sources */,
				1D01A0052C00000100000001 /* FixturesViewModel.swift in Sources */,
				1D01A0062C00000100000001 /* ScoreBubble.swift in Sources */,
				1D02A0012C00000100000001 /* FixtureSyncService.swift in Sources */,
			);
			runOnlyForDeploymentPostprocessing = 0;
		};
		1D02F0032C00000100000001 /* Sources */ = {
			isa = PBXSourcesBuildPhase;
			buildActionMask = 2147483647;
			files = (
				1D02A0022C00000100000001 /* AttieWatchApp.swift in Sources */,
				1D02A0032C00000100000001 /* FixtureSyncService.swift in Sources */,
				1D02A0042C00000100000001 /* FixturesViewModel.swift in Sources */,
				1D02A0052C00000100000001 /* WatchFixturesView.swift in Sources */,
				1D02A0062C00000100000001 /* WatchFixtureRow.swift in Sources */,
			);
			runOnlyForDeploymentPostprocessing = 0;
		};
/* End PBXSourcesBuildPhase section */

/* Begin PBXTargetDependency section */
		1D02F0112C00000100000001 /* PBXTargetDependency */ = {
			isa = PBXTargetDependency;
			target = 1D02F0012C00000100000001 /* AttieWatch */;
			targetProxy = 1D02F0122C00000100000001 /* PBXContainerItemProxy */;
		};
/* End PBXTargetDependency section */

/* Begin XCBuildConfiguration section */
		1D01F0072C00000100000001 /* Debug */ = {
			isa = XCBuildConfiguration;
				buildSettings = {
					ALWAYS_SEARCH_USER_PATHS = NO;
					ATTIE_IOS_BUNDLE_IDENTIFIER = net.dannywhite.attie;
					CLANG_ANALYZER_NONNULL = YES;
				CLANG_ANALYZER_NUMBER_OBJECT_CONVERSION = YES_AGGRESSIVE;
				CLANG_CXX_LANGUAGE_STANDARD = "gnu++20";
				CLANG_ENABLE_MODULES = YES;
				CLANG_ENABLE_OBJC_ARC = YES;
				CLANG_ENABLE_OBJC_WEAK = YES;
				CLANG_WARN_BLOCK_CAPTURE_AUTORELEASING = YES;
				CLANG_WARN_BOOL_CONVERSION = YES;
				CLANG_WARN_COMMA = YES;
				CLANG_WARN_CONSTANT_CONVERSION = YES;
				CLANG_WARN_DEPRECATED_OBJC_IMPLEMENTATIONS = YES;
				CLANG_WARN_DIRECT_OBJC_ISA_USAGE = YES_ERROR;
				CLANG_WARN_DOCUMENTATION_COMMENTS = YES;
				CLANG_WARN_EMPTY_BODY = YES;
				CLANG_WARN_ENUM_CONVERSION = YES;
				CLANG_WARN_INFINITE_RECURSION = YES;
				CLANG_WARN_INT_CONVERSION = YES;
				CLANG_WARN_NON_LITERAL_NULL_CONVERSION = YES;
				CLANG_WARN_OBJC_IMPLICIT_RETAIN_SELF = YES;
				CLANG_WARN_OBJC_LITERAL_CONVERSION = YES;
				CLANG_WARN_OBJC_ROOT_CLASS = YES_ERROR;
				CLANG_WARN_QUOTED_INCLUDE_IN_FRAMEWORK_HEADER = YES;
				CLANG_WARN_RANGE_LOOP_ANALYSIS = YES;
				CLANG_WARN_STRICT_PROTOTYPES = YES;
				CLANG_WARN_SUSPICIOUS_MOVE = YES;
				CLANG_WARN_UNGUARDED_AVAILABILITY = YES_AGGRESSIVE;
				CLANG_WARN_UNREACHABLE_CODE = YES;
				CLANG_WARN__DUPLICATE_METHOD_MATCH = YES;
				COPY_PHASE_STRIP = NO;
				DEBUG_INFORMATION_FORMAT = dwarf;
				ENABLE_STRICT_OBJC_MSGSEND = YES;
				ENABLE_TESTABILITY = YES;
				ENABLE_USER_SCRIPT_SANDBOXING = YES;
				GCC_C_LANGUAGE_STANDARD = gnu17;
				GCC_DYNAMIC_NO_PIC = NO;
				GCC_NO_COMMON_BLOCKS = YES;
				GCC_OPTIMIZATION_LEVEL = 0;
				GCC_PREPROCESSOR_DEFINITIONS = (
					"DEBUG=1",
					"$(inherited)",
				);
				GCC_WARN_64_TO_32_BIT_CONVERSION = YES;
				GCC_WARN_ABOUT_RETURN_TYPE = YES_ERROR;
				GCC_WARN_UNDECLARED_SELECTOR = YES;
				GCC_WARN_UNINITIALIZED_AUTOS = YES_AGGRESSIVE;
				GCC_WARN_UNUSED_FUNCTION = YES;
				GCC_WARN_UNUSED_VARIABLE = YES;
				IPHONEOS_DEPLOYMENT_TARGET = 17.0;
				LOCALIZATION_PREFERS_STRING_CATALOGS = YES;
				MTL_ENABLE_DEBUG_INFO = INCLUDE_SOURCE;
				MTL_FAST_MATH = YES;
				ONLY_ACTIVE_ARCH = YES;
				SDKROOT = iphoneos;
				SWIFT_ACTIVE_COMPILATION_CONDITIONS = "DEBUG $(inherited)";
				SWIFT_OPTIMIZATION_LEVEL = "-Onone";
			};
			name = Debug;
		};
		1D01F0082C00000100000001 /* Release */ = {
			isa = XCBuildConfiguration;
				buildSettings = {
					ALWAYS_SEARCH_USER_PATHS = NO;
					ATTIE_IOS_BUNDLE_IDENTIFIER = net.dannywhite.attie;
					CLANG_ANALYZER_NONNULL = YES;
				CLANG_ANALYZER_NUMBER_OBJECT_CONVERSION = YES_AGGRESSIVE;
				CLANG_CXX_LANGUAGE_STANDARD = "gnu++20";
				CLANG_ENABLE_MODULES = YES;
				CLANG_ENABLE_OBJC_ARC = YES;
				CLANG_ENABLE_OBJC_WEAK = YES;
				CLANG_WARN_BLOCK_CAPTURE_AUTORELEASING = YES;
				CLANG_WARN_BOOL_CONVERSION = YES;
				CLANG_WARN_COMMA = YES;
				CLANG_WARN_CONSTANT_CONVERSION = YES;
				CLANG_WARN_DEPRECATED_OBJC_IMPLEMENTATIONS = YES;
				CLANG_WARN_DIRECT_OBJC_ISA_USAGE = YES_ERROR;
				CLANG_WARN_DOCUMENTATION_COMMENTS = YES;
				CLANG_WARN_EMPTY_BODY = YES;
				CLANG_WARN_ENUM_CONVERSION = YES;
				CLANG_WARN_INFINITE_RECURSION = YES;
				CLANG_WARN_INT_CONVERSION = YES;
				CLANG_WARN_NON_LITERAL_NULL_CONVERSION = YES;
				CLANG_WARN_OBJC_IMPLICIT_RETAIN_SELF = YES;
				CLANG_WARN_OBJC_LITERAL_CONVERSION = YES;
				CLANG_WARN_OBJC_ROOT_CLASS = YES_ERROR;
				CLANG_WARN_QUOTED_INCLUDE_IN_FRAMEWORK_HEADER = YES;
				CLANG_WARN_RANGE_LOOP_ANALYSIS = YES;
				CLANG_WARN_STRICT_PROTOTYPES = YES;
				CLANG_WARN_SUSPICIOUS_MOVE = YES;
				CLANG_WARN_UNGUARDED_AVAILABILITY = YES_AGGRESSIVE;
				CLANG_WARN_UNREACHABLE_CODE = YES;
				CLANG_WARN__DUPLICATE_METHOD_MATCH = YES;
				COPY_PHASE_STRIP = NO;
				DEBUG_INFORMATION_FORMAT = "dwarf-with-dsym";
				ENABLE_NS_ASSERTIONS = NO;
				ENABLE_STRICT_OBJC_MSGSEND = YES;
				ENABLE_USER_SCRIPT_SANDBOXING = YES;
				GCC_C_LANGUAGE_STANDARD = gnu17;
				GCC_NO_COMMON_BLOCKS = YES;
				GCC_WARN_64_TO_32_BIT_CONVERSION = YES;
				GCC_WARN_ABOUT_RETURN_TYPE = YES_ERROR;
				GCC_WARN_UNDECLARED_SELECTOR = YES;
				GCC_WARN_UNINITIALIZED_AUTOS = YES_AGGRESSIVE;
				GCC_WARN_UNUSED_FUNCTION = YES;
				GCC_WARN_UNUSED_VARIABLE = YES;
				IPHONEOS_DEPLOYMENT_TARGET = 17.0;
				LOCALIZATION_PREFERS_STRING_CATALOGS = YES;
				MTL_ENABLE_DEBUG_INFO = NO;
				MTL_FAST_MATH = YES;
				SDKROOT = iphoneos;
				SWIFT_COMPILATION_MODE = wholemodule;
				VALIDATE_PRODUCT = YES;
			};
			name = Release;
		};
		1D01F0092C00000100000001 /* Debug */ = {
			isa = XCBuildConfiguration;
			buildSettings = {
				ASSETCATALOG_COMPILER_APPICON_NAME = AppIcon;
				CODE_SIGN_STYLE = Automatic;
				CURRENT_PROJECT_VERSION = 1;
				DEVELOPMENT_ASSET_PATHS = "";
				DEVELOPMENT_TEAM = RQFKDUDCNX;
				ENABLE_PREVIEWS = YES;
				GENERATE_INFOPLIST_FILE = YES;
				INFOPLIST_KEY_CFBundleDisplayName = Attie;
				INFOPLIST_KEY_LSApplicationCategoryType = "public.app-category.sports";
				INFOPLIST_KEY_UIApplicationSceneManifest_Generation = YES;
				INFOPLIST_KEY_UIApplicationSupportsIndirectInputEvents = YES;
				INFOPLIST_KEY_UILaunchScreen_Generation = YES;
				LD_RUNPATH_SEARCH_PATHS = (
					"$(inherited)",
					"@executable_path/Frameworks",
				);
				MARKETING_VERSION = 0.1.0;
				PRODUCT_BUNDLE_IDENTIFIER = "$(ATTIE_IOS_BUNDLE_IDENTIFIER)";
				PRODUCT_NAME = "$(TARGET_NAME)";
				SUPPORTED_PLATFORMS = "iphoneos iphonesimulator";
				SUPPORTS_MACCATALYST = NO;
				SUPPORTS_MAC_DESIGNED_FOR_IPHONE_IPAD = NO;
				SWIFT_EMIT_LOC_STRINGS = YES;
				SWIFT_VERSION = 6.0;
				TARGETED_DEVICE_FAMILY = 1;
			};
			name = Debug;
		};
		1D01F0102C00000100000001 /* Release */ = {
			isa = XCBuildConfiguration;
			buildSettings = {
				ASSETCATALOG_COMPILER_APPICON_NAME = AppIcon;
				CODE_SIGN_STYLE = Automatic;
				CURRENT_PROJECT_VERSION = 1;
				DEVELOPMENT_ASSET_PATHS = "";
				DEVELOPMENT_TEAM = RQFKDUDCNX;
				ENABLE_PREVIEWS = YES;
				GENERATE_INFOPLIST_FILE = YES;
				INFOPLIST_KEY_CFBundleDisplayName = Attie;
				INFOPLIST_KEY_LSApplicationCategoryType = "public.app-category.sports";
				INFOPLIST_KEY_UIApplicationSceneManifest_Generation = YES;
				INFOPLIST_KEY_UIApplicationSupportsIndirectInputEvents = YES;
				INFOPLIST_KEY_UILaunchScreen_Generation = YES;
				LD_RUNPATH_SEARCH_PATHS = (
					"$(inherited)",
					"@executable_path/Frameworks",
				);
				MARKETING_VERSION = 0.1.0;
				PRODUCT_BUNDLE_IDENTIFIER = "$(ATTIE_IOS_BUNDLE_IDENTIFIER)";
				PRODUCT_NAME = "$(TARGET_NAME)";
				SUPPORTED_PLATFORMS = "iphoneos iphonesimulator";
				SUPPORTS_MACCATALYST = NO;
				SUPPORTS_MAC_DESIGNED_FOR_IPHONE_IPAD = NO;
				SWIFT_EMIT_LOC_STRINGS = YES;
				SWIFT_VERSION = 6.0;
				TARGETED_DEVICE_FAMILY = 1;
			};
			name = Release;
		};
		1D02F0092C00000100000001 /* Debug */ = {
			isa = XCBuildConfiguration;
			buildSettings = {
				CODE_SIGN_STYLE = Automatic;
				CURRENT_PROJECT_VERSION = 1;
				DEVELOPMENT_ASSET_PATHS = "";
				DEVELOPMENT_TEAM = RQFKDUDCNX;
				ENABLE_PREVIEWS = YES;
				GENERATE_INFOPLIST_FILE = YES;
				INFOPLIST_KEY_CFBundleDisplayName = Attie;
				INFOPLIST_KEY_WKApplication = YES;
				INFOPLIST_KEY_WKCompanionAppBundleIdentifier = "$(ATTIE_IOS_BUNDLE_IDENTIFIER)";
				LD_RUNPATH_SEARCH_PATHS = (
					"$(inherited)",
					"@executable_path/Frameworks",
				);
				MARKETING_VERSION = 0.1.0;
				PRODUCT_BUNDLE_IDENTIFIER = "$(ATTIE_IOS_BUNDLE_IDENTIFIER).watchkitapp";
				PRODUCT_NAME = "$(TARGET_NAME)";
				SDKROOT = watchos;
				SUPPORTED_PLATFORMS = "watchos watchsimulator";
				SWIFT_EMIT_LOC_STRINGS = YES;
				SWIFT_VERSION = 6.0;
				TARGETED_DEVICE_FAMILY = 4;
				WATCHOS_DEPLOYMENT_TARGET = 10.0;
			};
			name = Debug;
		};
		1D02F0102C00000100000001 /* Release */ = {
			isa = XCBuildConfiguration;
			buildSettings = {
				CODE_SIGN_STYLE = Automatic;
				CURRENT_PROJECT_VERSION = 1;
				DEVELOPMENT_ASSET_PATHS = "";
				DEVELOPMENT_TEAM = RQFKDUDCNX;
				ENABLE_PREVIEWS = YES;
				GENERATE_INFOPLIST_FILE = YES;
				INFOPLIST_KEY_CFBundleDisplayName = Attie;
				INFOPLIST_KEY_WKApplication = YES;
				INFOPLIST_KEY_WKCompanionAppBundleIdentifier = "$(ATTIE_IOS_BUNDLE_IDENTIFIER)";
				LD_RUNPATH_SEARCH_PATHS = (
					"$(inherited)",
					"@executable_path/Frameworks",
				);
				MARKETING_VERSION = 0.1.0;
				PRODUCT_BUNDLE_IDENTIFIER = "$(ATTIE_IOS_BUNDLE_IDENTIFIER).watchkitapp";
				PRODUCT_NAME = "$(TARGET_NAME)";
				SDKROOT = watchos;
				SUPPORTED_PLATFORMS = "watchos watchsimulator";
				SWIFT_EMIT_LOC_STRINGS = YES;
				SWIFT_VERSION = 6.0;
				TARGETED_DEVICE_FAMILY = 4;
				VALIDATE_PRODUCT = YES;
				WATCHOS_DEPLOYMENT_TARGET = 10.0;
			};
			name = Release;
		};
/* End XCBuildConfiguration section */

/* Begin XCConfigurationList section */
		1D01F0022C00000100000001 /* Build configuration list for PBXNativeTarget "Attie" */ = {
			isa = XCConfigurationList;
			buildConfigurations = (
				1D01F0092C00000100000001 /* Debug */,
				1D01F0102C00000100000001 /* Release */,
			);
			defaultConfigurationIsVisible = 0;
			defaultConfigurationName = Release;
		};
		1D01F0062C00000100000001 /* Build configuration list for PBXProject "Attie" */ = {
			isa = XCConfigurationList;
			buildConfigurations = (
				1D01F0072C00000100000001 /* Debug */,
				1D01F0082C00000100000001 /* Release */,
			);
			defaultConfigurationIsVisible = 0;
			defaultConfigurationName = Release;
		};
		1D02F0022C00000100000001 /* Build configuration list for PBXNativeTarget "AttieWatch" */ = {
			isa = XCConfigurationList;
			buildConfigurations = (
				1D02F0092C00000100000001 /* Debug */,
				1D02F0102C00000100000001 /* Release */,
			);
			defaultConfigurationIsVisible = 0;
			defaultConfigurationName = Release;
		};
/* End XCConfigurationList section */

/* Begin XCLocalSwiftPackageReference section */
		1D01E0022C00000100000001 /* XCLocalSwiftPackageReference "Packages/AttieCore" */ = {
			isa = XCLocalSwiftPackageReference;
			relativePath = Packages/AttieCore;
		};
/* End XCLocalSwiftPackageReference section */

/* Begin XCSwiftPackageProductDependency section */
		1D01E0012C00000100000001 /* AttieCore */ = {
			isa = XCSwiftPackageProductDependency;
			package = 1D01E0022C00000100000001 /* XCLocalSwiftPackageReference "Packages/AttieCore" */;
			productName = AttieCore;
		};
/* End XCSwiftPackageProductDependency section */
	};
	rootObject = 1D01F0052C00000100000001 /* Project object */;
}
